
Microsoft Visual Studio Solution File, Format Version 12.00
# Visual Studio Version 17
VisualStudioVersion = 17.8.34525.116
MinimumVisualStudioVersion = 10.0.40219.1
Project("{FAE04EC0-301F-11D3-BF4B-00C04F79EFBC}") = "DanielleRodriguez-CPT-206-Project", "DanielleRodriguez-CPT-206-Project.csproj", "{3331C8A5-AB53-40E4-BEC1-6930569DCC85}"
EndProject
Project("{FAE04EC0-301F-11D3-BF4B-00C04F79EFBC}") = "DnD_API_Library", "..\DnD_API_Library\DnD_API_Library.csproj", "{C038B0E7-3900-45E2-B635-CD78D1765232}"
EndProject
Global
	GlobalSection(SolutionConfigurationPlatforms) = preSolution
		Debug|Any CPU = Debug|Any CPU
		Release|Any CPU = Release|Any CPU
	EndGlobalSection
	GlobalSection(ProjectConfigurationPlatforms) = postSolution
		{3331C8A5-AB53-40E4-BEC1-6930569DCC85}.Debug|Any CPU.ActiveCfg = Debug|Any CPU
		{3331C8A5-AB53-40E4-BEC1-6930569DCC85}.Debug|Any CPU.Build.0 = Debug|Any CPU
		{3331C8A5-AB53-40E4-BEC1-6930569DCC85}.Release|Any CPU.ActiveCfg = Release|Any CPU
		{3331C8A5-AB53-40E4-BEC1-6930569DCC85}.Release|Any CPU.Build.0 = Release|Any CPU
		{C038B0E7-3900-45E2-B635-CD78D1765232}.Debug|Any CPU.ActiveCfg = Debug|Any CPU
		{C038B0E7-3900-45E2-B635-CD78D1765232}.Debug|Any CPU.Build.0 = Debug|Any CPU
		{C038B0E7-3900-45E2-B635-CD78D1765232}.Release|Any CPU.ActiveCfg = Release|Any CPU
		{C038B0E7-3900-45E2-B635-CD78D1765232}.Release|Any CPU.Build.0 = Release|Any CPU
	EndGlobalSection
	GlobalSection(SolutionProperties) = preSolution
		HideSolutionNode = FALSE
	EndGlobalSection
	GlobalSection(ExtensibilityGlobals) = postSolution
		SolutionGuid = {31553A8F-BD6B-4B16-954E-F8340C535C0D}
	EndGlobalSection
EndGlobal
